
Microsoft Visual Studio Solution File, Format Version 12.00
# Visual Studio Version 17
VisualStudioVersion = 17.13.35806.99 d17.13
MinimumVisualStudioVersion = 10.0.40219.1
Project("{8BC9CEB8-8B4A-11D0-8D11-00A0C91BC942}") = "task2", "task2\task2.vcxproj", "{E0081F58-1061-4838-AA14-533B60EE0EA0}"
EndProject
Global
	GlobalSection(SolutionConfigurationPlatforms) = preSolution
		Debug|x64 = Debug|x64
		Debug|x86 = Debug|x86
		Release|x64 = Release|x64
		Release|x86 = Release|x86
	EndGlobalSection
	GlobalSection(ProjectConfigurationPlatforms) = postSolution
		{E0081F58-1061-4838-AA14-533B60EE0EA0}.Debug|x64.ActiveCfg = Debug|x64
		{E0081F58-1061-4838-AA14-533B60EE0EA0}.Debug|x64.Build.0 = Debug|x64
		{E0081F58-1061-4838-AA14-533B60EE0EA0}.Debug|x86.ActiveCfg = Debug|Win32
		{E0081F58-1061-4838-AA14-533B60EE0EA0}.Debug|x86.Build.0 = Debug|Win32
		{E0081F58-1061-4838-AA14-533B60EE0EA0}.Release|x64.ActiveCfg = Release|x64
		{E0081F58-1061-4838-AA14-533B60EE0EA0}.Release|x64.Build.0 = Release|x64
		{E0081F58-1061-4838-AA14-533B60EE0EA0}.Release|x86.ActiveCfg = Release|Win32
		{E0081F58-1061-4838-AA14-533B60EE0EA0}.Release|x86.Build.0 = Release|Win32
	EndGlobalSection
	GlobalSection(SolutionProperties) = preSolution
		HideSolutionNode = FALSE
	EndGlobalSection
	GlobalSection(ExtensibilityGlobals) = postSolution
		SolutionGuid = {A8E4D343-0CBB-4184-8902-178F290240D1}
	EndGlobalSection
EndGlobal
